
Microsoft Visual Studio Solution File, Format Version 12.00
# Visual Studio Version 17
VisualStudioVersion = 17.14.36310.24 d17.14
MinimumVisualStudioVersion = 10.0.40219.1
Project("{FAE04EC0-301F-11D3-BF4B-00C04F79EFBC}") = "PZG-CIGO-KART", "PZG-CIGO-KART\PZG-CIGO-KART.csproj", "{FB065DCD-B6D2-4A7A-8918-05FDC25D7B17}"
EndProject
Global
	GlobalSection(SolutionConfigurationPlatforms) = preSolution
		Debug|Any CPU = Debug|Any CPU
		Release|Any CPU = Release|Any CPU
	EndGlobalSection
	GlobalSection(ProjectConfigurationPlatforms) = postSolution
		{FB065DCD-B6D2-4A7A-8918-05FDC25D7B17}.Debug|Any CPU.ActiveCfg = Debug|Any CPU
		{FB065DCD-B6D2-4A7A-8918-05FDC25D7B17}.Debug|Any CPU.Build.0 = Debug|Any CPU
		{FB065DCD-B6D2-4A7A-8918-05FDC25D7B17}.Release|Any CPU.ActiveCfg = Release|Any CPU
		{FB065DCD-B6D2-4A7A-8918-05FDC25D7B17}.Release|Any CPU.Build.0 = Release|Any CPU
	EndGlobalSection
	GlobalSection(SolutionProperties) = preSolution
		HideSolutionNode = FALSE
	EndGlobalSection
	GlobalSection(ExtensibilityGlobals) = postSolution
		SolutionGuid = {C0996326-0B76-4B3F-B261-D0B0AC609417}
	EndGlobalSection
EndGlobal
